
Microsoft Visual Studio Solution File, Format Version 12.00
# Visual Studio 15
Project("{FAE04EC0-301F-11D3-BF4B-00C04F79EFBC}") = "Unity.Timeline", "Unity.Timeline.csproj", "{D8E8321D-D5C5-647F-F3DA-0FFBAA3D9DA1}"
EndProject
Project("{FAE04EC0-301F-11D3-BF4B-00C04F79EFBC}") = "Unity.Timeline.Editor", "Unity.Timeline.Editor.csproj", "{77BB7F5C-315E-CFDF-0946-4F1A1E90BC4B}"
EndProject
Project("{FAE04EC0-301F-11D3-BF4B-00C04F79EFBC}") = "Unity.TextMeshPro.Editor", "Unity.TextMeshPro.Editor.csproj", "{28D56C9A-6BBC-FD01-C640-98A5C18BCFF4}"
EndProject
Project("{FAE04EC0-301F-11D3-BF4B-00C04F79EFBC}") = "SuperTiled2UnityEditor", "SuperTiled2UnityEditor.csproj", "{7563810F-9182-E018-2397-A391AFD94316}"
EndProject
Project("{FAE04EC0-301F-11D3-BF4B-00C04F79EFBC}") = "Unity.VisualScripting.Flow", "Unity.VisualScripting.Flow.csproj", "{58CB6652-8A3B-143D-6D74-9F564617F088}"
EndProject
Project("{FAE04EC0-301F-11D3-BF4B-00C04F79EFBC}") = "Unity.PlasticSCM.Editor", "Unity.PlasticSCM.Editor.csproj", "{87CCE3A8-4429-CD35-367A-B68CA42C77CF}"
EndProject
Project("{FAE04EC0-301F-11D3-BF4B-00C04F79EFBC}") = "Unity.2D.Psdimporter.Editor", "Unity.2D.Psdimporter.Editor.csproj", "{19D5D1ED-05FC-0456-28D2-8DB04D6B0E84}"
EndProject
Project("{FAE04EC0-301F-11D3-BF4B-00C04F79EFBC}") = "Unity.VisualScripting.Core", "Unity.VisualScripting.Core.csproj", "{BC222F53-790E-3DCA-52B1-1A8428A8E793}"
EndProject
Project("{FAE04EC0-301F-11D3-BF4B-00C04F79EFBC}") = "Unity.Mathematics", "Unity.Mathematics.csproj", "{55845486-8B49-D05D-139A-781E6CE75B95}"
EndProject
Project("{FAE04EC0-301F-11D3-BF4B-00C04F79EFBC}") = "Unity.2D.Animation.Editor", "Unity.2D.Animation.Editor.csproj", "{874F02D2-8DFA-7419-14DF-7AE9D389A48F}"
EndProject
Project("{FAE04EC0-301F-11D3-BF4B-00C04F79EFBC}") = "Unity.2D.Common.Path.Editor", "Unity.2D.Common.Path.Editor.csproj", "{3CE7A9B2-648E-5FF9-4862-828E897F2212}"
EndProject
Project("{FAE04EC0-301F-11D3-BF4B-00C04F79EFBC}") = "Cinemachine", "Cinemachine.csproj", "{862FA178-4D27-67A7-1E00-2B23E03B667F}"
EndProject
Project("{FAE04EC0-301F-11D3-BF4B-00C04F79EFBC}") = "Unity.VisualScripting.Core.Editor", "Unity.VisualScripting.Core.Editor.csproj", "{89416093-CAD8-03AF-2B11-CDB8705FF58B}"
EndProject
Project("{FAE04EC0-301F-11D3-BF4B-00C04F79EFBC}") = "Unity.2D.IK.Runtime", "Unity.2D.IK.Runtime.csproj", "{7FA4409B-A178-EBAA-95CD-A2428E175666}"
EndProject
Project("{FAE04EC0-301F-11D3-BF4B-00C04F79EFBC}") = "Unity.VisualScripting.Flow.Editor", "Unity.VisualScripting.Flow.Editor.csproj", "{B0C5769A-41FD-AA14-8E09-D6606A61F5F1}"
EndProject
Project("{FAE04EC0-301F-11D3-BF4B-00C04F79EFBC}") = "UnityEditor.TestRunner", "UnityEditor.TestRunner.csproj", "{E676506E-F077-331F-198B-DCC56D173F52}"
EndProject
Project("{FAE04EC0-301F-11D3-BF4B-00C04F79EFBC}") = "Unity.VisualScripting.SettingsProvider.Editor", "Unity.VisualScripting.SettingsProvider.Editor.csproj", "{4DF8879D-FDA9-54B0-1713-CF512A48A379}"
EndProject
Project("{FAE04EC0-301F-11D3-BF4B-00C04F79EFBC}") = "UnityEngine.TestRunner", "UnityEngine.TestRunner.csproj", "{839D7E03-C425-B739-FB2F-D34B9ABB651D}"
EndProject
Project("{FAE04EC0-301F-11D3-BF4B-00C04F79EFBC}") = "PsdPlugin", "PsdPlugin.csproj", "{6F3B5794-2079-AED6-8929-AC4F3F38FE2F}"
EndProject
Project("{FAE04EC0-301F-11D3-BF4B-00C04F79EFBC}") = "Unity.Burst", "Unity.Burst.csproj", "{2EB112B2-8E9D-4D28-8DAC-AD15036BB336}"
EndProject
Project("{FAE04EC0-301F-11D3-BF4B-00C04F79EFBC}") = "SuperTiled2Unity", "SuperTiled2Unity.csproj", "{8052A5EF-CEDE-D4E5-592C-636BD074510B}"
EndProject
Project("{FAE04EC0-301F-11D3-BF4B-00C04F79EFBC}") = "Unity.2D.SpriteShape.Editor", "Unity.2D.SpriteShape.Editor.csproj", "{88A24149-20E7-FCAF-8131-95AD97CF5A5F}"
EndProject
Project("{FAE04EC0-301F-11D3-BF4B-00C04F79EFBC}") = "Unity.Collections", "Unity.Collections.csproj", "{5946C5A3-A5E3-6243-5C9E-E877B0A03589}"
EndProject
Project("{FAE04EC0-301F-11D3-BF4B-00C04F79EFBC}") = "Unity.VisualStudio.Editor", "Unity.VisualStudio.Editor.csproj", "{9B4CB836-6DC7-F20D-62DC-F9B60E4C73A8}"
EndProject
Project("{FAE04EC0-301F-11D3-BF4B-00C04F79EFBC}") = "Assembly-CSharp", "Assembly-CSharp.csproj", "{833EC51F-E159-C0CB-062F-C207D8623CD2}"
EndProject
Project("{FAE04EC0-301F-11D3-BF4B-00C04F79EFBC}") = "com.unity.cinemachine.editor", "com.unity.cinemachine.editor.csproj", "{52BDA972-F813-F558-C42B-1A5CED6033B0}"
EndProject
Project("{FAE04EC0-301F-11D3-BF4B-00C04F79EFBC}") = "Unity.2D.Tilemap.Extras.Editor", "Unity.2D.Tilemap.Extras.Editor.csproj", "{C6F0295C-4EAD-C4FA-DECF-C5DB896A0C38}"
EndProject
Project("{FAE04EC0-301F-11D3-BF4B-00C04F79EFBC}") = "Unity.Rider.Editor", "Unity.Rider.Editor.csproj", "{42A3A141-E33B-BDD7-61FC-338968D792B1}"
EndProject
Project("{FAE04EC0-301F-11D3-BF4B-00C04F79EFBC}") = "Unity.InternalAPIEditorBridge.001", "Unity.InternalAPIEditorBridge.001.csproj", "{58E29636-29B6-D51D-A34C-08F39B912471}"
EndProject
Project("{FAE04EC0-301F-11D3-BF4B-00C04F79EFBC}") = "Unity.2D.SpriteShape.Runtime", "Unity.2D.SpriteShape.Runtime.csproj", "{D6E76254-F8CE-D9E8-0AFC-1ECE6CA4AD54}"
EndProject
Project("{FAE04EC0-301F-11D3-BF4B-00C04F79EFBC}") = "Unity.VisualScripting.State.Editor", "Unity.VisualScripting.State.Editor.csproj", "{46707AB6-270B-D3D5-21A5-9C4D1C256939}"
EndProject
Project("{FAE04EC0-301F-11D3-BF4B-00C04F79EFBC}") = "Unity.2D.Animation.Runtime", "Unity.2D.Animation.Runtime.csproj", "{475BE5B6-EE88-DEA9-31DF-1536AFE0A743}"
EndProject
Project("{FAE04EC0-301F-11D3-BF4B-00C04F79EFBC}") = "Unity.Burst.CodeGen", "Unity.Burst.CodeGen.csproj", "{3F60B09C-8971-3D09-D41F-FE8C21EFF52D}"
EndProject
Project("{FAE04EC0-301F-11D3-BF4B-00C04F79EFBC}") = "Unity.2D.Tilemap.Extras", "Unity.2D.Tilemap.Extras.csproj", "{412DBBE2-6702-6C4C-BC57-2B27DBBDC6FE}"
EndProject
Project("{FAE04EC0-301F-11D3-BF4B-00C04F79EFBC}") = "Unity.VisualScripting.State", "Unity.VisualScripting.State.csproj", "{78728AED-DAC0-D5F9-2DF5-E3065E046F2D}"
EndProject
Project("{FAE04EC0-301F-11D3-BF4B-00C04F79EFBC}") = "Unity.TextMeshPro", "Unity.TextMeshPro.csproj", "{8AD23F97-D436-46EF-DBB8-E22ED16A19C2}"
EndProject
Project("{FAE04EC0-301F-11D3-BF4B-00C04F79EFBC}") = "Unity.2D.IK.Editor", "Unity.2D.IK.Editor.csproj", "{951F9AF3-5A24-0C4A-6435-EAA4EB6BC0CA}"
EndProject
Project("{FAE04EC0-301F-11D3-BF4B-00C04F79EFBC}") = "Unity.InternalAPIEngineBridge.001", "Unity.InternalAPIEngineBridge.001.csproj", "{8E0B0DFF-0504-CEC4-00E7-842D4B84EB3E}"
EndProject
Project("{FAE04EC0-301F-11D3-BF4B-00C04F79EFBC}") = "Unity.Burst.Editor", "Unity.Burst.Editor.csproj", "{47235807-9CD7-F29E-02C1-4770626907CC}"
EndProject
Project("{FAE04EC0-301F-11D3-BF4B-00C04F79EFBC}") = "Unity.2D.Common.Editor", "Unity.2D.Common.Editor.csproj", "{8527641E-C935-CE85-AA02-D5ED4EA74987}"
EndProject
Project("{FAE04EC0-301F-11D3-BF4B-00C04F79EFBC}") = "Unity.2D.PixelPerfect", "Unity.2D.PixelPerfect.csproj", "{FF080FA7-09BA-7A12-5D9E-5B8C09FA6523}"
EndProject
Project("{FAE04EC0-301F-11D3-BF4B-00C04F79EFBC}") = "Unity.2D.PixelPerfect.Editor", "Unity.2D.PixelPerfect.Editor.csproj", "{46E3B531-33C1-FCAD-D80B-06FAED2491B9}"
EndProject
Project("{FAE04EC0-301F-11D3-BF4B-00C04F79EFBC}") = "Unity.2D.Common.Runtime", "Unity.2D.Common.Runtime.csproj", "{A736124D-F265-5F3F-10B5-2540E348FE22}"
EndProject
Project("{FAE04EC0-301F-11D3-BF4B-00C04F79EFBC}") = "Unity.Mathematics.Editor", "Unity.Mathematics.Editor.csproj", "{36401E79-3076-FD1B-8A1A-270DCA895552}"
EndProject
Project("{FAE04EC0-301F-11D3-BF4B-00C04F79EFBC}") = "Unity.Collections.BurstCompatibilityGen", "Unity.Collections.BurstCompatibilityGen.csproj", "{96B12AD0-FCFB-6E8F-1D6E-E449B54EC01E}"
EndProject
Project("{FAE04EC0-301F-11D3-BF4B-00C04F79EFBC}") = "Unity.VisualScripting.Shared.Editor", "Unity.VisualScripting.Shared.Editor.csproj", "{6037EF6C-7990-791D-BCF1-03B9E85115B1}"
EndProject
Project("{FAE04EC0-301F-11D3-BF4B-00C04F79EFBC}") = "Unity.Collections.DocCodeSamples", "Unity.Collections.DocCodeSamples.csproj", "{D32A7BA3-4A76-AADC-44CE-D6C8923FF3A1}"
EndProject
Project("{FAE04EC0-301F-11D3-BF4B-00C04F79EFBC}") = "Unity.CollabProxy.Editor", "Unity.CollabProxy.Editor.csproj", "{76322DA6-9B40-B28E-A53F-F706BE47173E}"
EndProject
Global
	GlobalSection(SolutionConfigurationPlatforms) = preSolution
		Debug|Any CPU = Debug|Any CPU
		Release|Any CPU = Release|Any CPU
	EndGlobalSection
	GlobalSection(ProjectConfigurationPlatforms) = postSolution
		{D8E8321D-D5C5-647F-F3DA-0FFBAA3D9DA1}.Debug|Any CPU.ActiveCfg = Debug|Any CPU
		{D8E8321D-D5C5-647F-F3DA-0FFBAA3D9DA1}.Debug|Any CPU.Build.0 = Debug|Any CPU
		{D8E8321D-D5C5-647F-F3DA-0FFBAA3D9DA1}.Release|Any CPU.ActiveCfg = Release|Any CPU
		{D8E8321D-D5C5-647F-F3DA-0FFBAA3D9DA1}.Release|Any CPU.Build.0 = Release|Any CPU
		{77BB7F5C-315E-CFDF-0946-4F1A1E90BC4B}.Debug|Any CPU.ActiveCfg = Debug|Any CPU
		{77BB7F5C-315E-CFDF-0946-4F1A1E90BC4B}.Debug|Any CPU.Build.0 = Debug|Any CPU
		{77BB7F5C-315E-CFDF-0946-4F1A1E90BC4B}.Release|Any CPU.ActiveCfg = Release|Any CPU
		{77BB7F5C-315E-CFDF-0946-4F1A1E90BC4B}.Release|Any CPU.Build.0 = Release|Any CPU
		{28D56C9A-6BBC-FD01-C640-98A5C18BCFF4}.Debug|Any CPU.ActiveCfg = Debug|Any CPU
		{28D56C9A-6BBC-FD01-C640-98A5C18BCFF4}.Debug|Any CPU.Build.0 = Debug|Any CPU
		{28D56C9A-6BBC-FD01-C640-98A5C18BCFF4}.Release|Any CPU.ActiveCfg = Release|Any CPU
		{28D56C9A-6BBC-FD01-C640-98A5C18BCFF4}.Release|Any CPU.Build.0 = Release|Any CPU
		{7563810F-9182-E018-2397-A391AFD94316}.Debug|Any CPU.ActiveCfg = Debug|Any CPU
		{7563810F-9182-E018-2397-A391AFD94316}.Debug|Any CPU.Build.0 = Debug|Any CPU
		{7563810F-9182-E018-2397-A391AFD94316}.Release|Any CPU.ActiveCfg = Release|Any CPU
		{7563810F-9182-E018-2397-A391AFD94316}.Release|Any CPU.Build.0 = Release|Any CPU
		{58CB6652-8A3B-143D-6D74-9F564617F088}.Debug|Any CPU.ActiveCfg = Debug|Any CPU
		{58CB6652-8A3B-143D-6D74-9F564617F088}.Debug|Any CPU.Build.0 = Debug|Any CPU
		{58CB6652-8A3B-143D-6D74-9F564617F088}.Release|Any CPU.ActiveCfg = Release|Any CPU
		{58CB6652-8A3B-143D-6D74-9F564617F088}.Release|Any CPU.Build.0 = Release|Any CPU
		{87CCE3A8-4429-CD35-367A-B68CA42C77CF}.Debug|Any CPU.ActiveCfg = Debug|Any CPU
		{87CCE3A8-4429-CD35-367A-B68CA42C77CF}.Debug|Any CPU.Build.0 = Debug|Any CPU
		{87CCE3A8-4429-CD35-367A-B68CA42C77CF}.Release|Any CPU.ActiveCfg = Release|Any CPU
		{87CCE3A8-4429-CD35-367A-B68CA42C77CF}.Release|Any CPU.Build.0 = Release|Any CPU
		{19D5D1ED-05FC-0456-28D2-8DB04D6B0E84}.Debug|Any CPU.ActiveCfg = Debug|Any CPU
		{19D5D1ED-05FC-0456-28D2-8DB04D6B0E84}.Debug|Any CPU.Build.0 = Debug|Any CPU
		{19D5D1ED-05FC-0456-28D2-8DB04D6B0E84}.Release|Any CPU.ActiveCfg = Release|Any CPU
		{19D5D1ED-05FC-0456-28D2-8DB04D6B0E84}.Release|Any CPU.Build.0 = Release|Any CPU
		{BC222F53-790E-3DCA-52B1-1A8428A8E793}.Debug|Any CPU.ActiveCfg = Debug|Any CPU
		{BC222F53-790E-3DCA-52B1-1A8428A8E793}.Debug|Any CPU.Build.0 = Debug|Any CPU
		{BC222F53-790E-3DCA-52B1-1A8428A8E793}.Release|Any CPU.ActiveCfg = Release|Any CPU
		{BC222F53-790E-3DCA-52B1-1A8428A8E793}.Release|Any CPU.Build.0 = Release|Any CPU
		{55845486-8B49-D05D-139A-781E6CE75B95}.Debug|Any CPU.ActiveCfg = Debug|Any CPU
		{55845486-8B49-D05D-139A-781E6CE75B95}.Debug|Any CPU.Build.0 = Debug|Any CPU
		{55845486-8B49-D05D-139A-781E6CE75B95}.Release|Any CPU.ActiveCfg = Release|Any CPU
		{55845486-8B49-D05D-139A-781E6CE75B95}.Release|Any CPU.Build.0 = Release|Any CPU
		{874F02D2-8DFA-7419-14DF-7AE9D389A48F}.Debug|Any CPU.ActiveCfg = Debug|Any CPU
		{874F02D2-8DFA-7419-14DF-7AE9D389A48F}.Debug|Any CPU.Build.0 = Debug|Any CPU
		{874F02D2-8DFA-7419-14DF-7AE9D389A48F}.Release|Any CPU.ActiveCfg = Release|Any CPU
		{874F02D2-8DFA-7419-14DF-7AE9D389A48F}.Release|Any CPU.Build.0 = Release|Any CPU
		{3CE7A9B2-648E-5FF9-4862-828E897F2212}.Debug|Any CPU.ActiveCfg = Debug|Any CPU
		{3CE7A9B2-648E-5FF9-4862-828E897F2212}.Debug|Any CPU.Build.0 = Debug|Any CPU
		{3CE7A9B2-648E-5FF9-4862-828E897F2212}.Release|Any CPU.ActiveCfg = Release|Any CPU
		{3CE7A9B2-648E-5FF9-4862-828E897F2212}.Release|Any CPU.Build.0 = Release|Any CPU
		{862FA178-4D27-67A7-1E00-2B23E03B667F}.Debug|Any CPU.ActiveCfg = Debug|Any CPU
		{862FA178-4D27-67A7-1E00-2B23E03B667F}.Debug|Any CPU.Build.0 = Debug|Any CPU
		{862FA178-4D27-67A7-1E00-2B23E03B667F}.Release|Any CPU.ActiveCfg = Release|Any CPU
		{862FA178-4D27-67A7-1E00-2B23E03B667F}.Release|Any CPU.Build.0 = Release|Any CPU
		{89416093-CAD8-03AF-2B11-CDB8705FF58B}.Debug|Any CPU.ActiveCfg = Debug|Any CPU
		{89416093-CAD8-03AF-2B11-CDB8705FF58B}.Debug|Any CPU.Build.0 = Debug|Any CPU
		{89416093-CAD8-03AF-2B11-CDB8705FF58B}.Release|Any CPU.ActiveCfg = Release|Any CPU
		{89416093-CAD8-03AF-2B11-CDB8705FF58B}.Release|Any CPU.Build.0 = Release|Any CPU
		{7FA4409B-A178-EBAA-95CD-A2428E175666}.Debug|Any CPU.ActiveCfg = Debug|Any CPU
		{7FA4409B-A178-EBAA-95CD-A2428E175666}.Debug|Any CPU.Build.0 = Debug|Any CPU
		{7FA4409B-A178-EBAA-95CD-A2428E175666}.Release|Any CPU.ActiveCfg = Release|Any CPU
		{7FA4409B-A178-EBAA-95CD-A2428E175666}.Release|Any CPU.Build.0 = Release|Any CPU
		{B0C5769A-41FD-AA14-8E09-D6606A61F5F1}.Debug|Any CPU.ActiveCfg = Debug|Any CPU
		{B0C5769A-41FD-AA14-8E09-D6606A61F5F1}.Debug|Any CPU.Build.0 = Debug|Any CPU
		{B0C5769A-41FD-AA14-8E09-D6606A61F5F1}.Release|Any CPU.ActiveCfg = Release|Any CPU
		{B0C5769A-41FD-AA14-8E09-D6606A61F5F1}.Release|Any CPU.Build.0 = Release|Any CPU
		{E676506E-F077-331F-198B-DCC56D173F52}.Debug|Any CPU.ActiveCfg = Debug|Any CPU
		{E676506E-F077-331F-198B-DCC56D173F52}.Debug|Any CPU.Build.0 = Debug|Any CPU
		{E676506E-F077-331F-198B-DCC56D173F52}.Release|Any CPU.ActiveCfg = Release|Any CPU
		{E676506E-F077-331F-198B-DCC56D173F52}.Release|Any CPU.Build.0 = Release|Any CPU
		{4DF8879D-FDA9-54B0-1713-CF512A48A379}.Debug|Any CPU.ActiveCfg = Debug|Any CPU
		{4DF8879D-FDA9-54B0-1713-CF512A48A379}.Debug|Any CPU.Build.0 = Debug|Any CPU
		{4DF8879D-FDA9-54B0-1713-CF512A48A379}.Release|Any CPU.ActiveCfg = Release|Any CPU
		{4DF8879D-FDA9-54B0-1713-CF512A48A379}.Release|Any CPU.Build.0 = Release|Any CPU
		{839D7E03-C425-B739-FB2F-D34B9ABB651D}.Debug|Any CPU.ActiveCfg = Debug|Any CPU
		{839D7E03-C425-B739-FB2F-D34B9ABB651D}.Debug|Any CPU.Build.0 = Debug|Any CPU
		{839D7E03-C425-B739-FB2F-D34B9ABB651D}.Release|Any CPU.ActiveCfg = Release|Any CPU
		{839D7E03-C425-B739-FB2F-D34B9ABB651D}.Release|Any CPU.Build.0 = Release|Any CPU
		{6F3B5794-2079-AED6-8929-AC4F3F38FE2F}.Debug|Any CPU.ActiveCfg = Debug|Any CPU
		{6F3B5794-2079-AED6-8929-AC4F3F38FE2F}.Debug|Any CPU.Build.0 = Debug|Any CPU
		{6F3B5794-2079-AED6-8929-AC4F3F38FE2F}.Release|Any CPU.ActiveCfg = Release|Any CPU
		{6F3B5794-2079-AED6-8929-AC4F3F38FE2F}.Release|Any CPU.Build.0 = Release|Any CPU
		{2EB112B2-8E9D-4D28-8DAC-AD15036BB336}.Debug|Any CPU.ActiveCfg = Debug|Any CPU
		{2EB112B2-8E9D-4D28-8DAC-AD15036BB336}.Debug|Any CPU.Build.0 = Debug|Any CPU
		{2EB112B2-8E9D-4D28-8DAC-AD15036BB336}.Release|Any CPU.ActiveCfg = Release|Any CPU
		{2EB112B2-8E9D-4D28-8DAC-AD15036BB336}.Release|Any CPU.Build.0 = Release|Any CPU
		{8052A5EF-CEDE-D4E5-592C-636BD074510B}.Debug|Any CPU.ActiveCfg = Debug|Any CPU
		{8052A5EF-CEDE-D4E5-592C-636BD074510B}.Debug|Any CPU.Build.0 = Debug|Any CPU
		{8052A5EF-CEDE-D4E5-592C-636BD074510B}.Release|Any CPU.ActiveCfg = Release|Any CPU
		{8052A5EF-CEDE-D4E5-592C-636BD074510B}.Release|Any CPU.Build.0 = Release|Any CPU
		{88A24149-20E7-FCAF-8131-95AD97CF5A5F}.Debug|Any CPU.ActiveCfg = Debug|Any CPU
		{88A24149-20E7-FCAF-8131-95AD97CF5A5F}.Debug|Any CPU.Build.0 = Debug|Any CPU
		{88A24149-20E7-FCAF-8131-95AD97CF5A5F}.Release|Any CPU.ActiveCfg = Release|Any CPU
		{88A24149-20E7-FCAF-8131-95AD97CF5A5F}.Release|Any CPU.Build.0 = Release|Any CPU
		{5946C5A3-A5E3-6243-5C9E-E877B0A03589}.Debug|Any CPU.ActiveCfg = Debug|Any CPU
		{5946C5A3-A5E3-6243-5C9E-E877B0A03589}.Debug|Any CPU.Build.0 = Debug|Any CPU
		{5946C5A3-A5E3-6243-5C9E-E877B0A03589}.Release|Any CPU.ActiveCfg = Release|Any CPU
		{5946C5A3-A5E3-6243-5C9E-E877B0A03589}.Release|Any CPU.Build.0 = Release|Any CPU
		{9B4CB836-6DC7-F20D-62DC-F9B60E4C73A8}.Debug|Any CPU.ActiveCfg = Debug|Any CPU
		{9B4CB836-6DC7-F20D-62DC-F9B60E4C73A8}.Debug|Any CPU.Build.0 = Debug|Any CPU
		{9B4CB836-6DC7-F20D-62DC-F9B60E4C73A8}.Release|Any CPU.ActiveCfg = Release|Any CPU
		{9B4CB836-6DC7-F20D-62DC-F9B60E4C73A8}.Release|Any CPU.Build.0 = Release|Any CPU
		{833EC51F-E159-C0CB-062F-C207D8623CD2}.Debug|Any CPU.ActiveCfg = Debug|Any CPU
		{833EC51F-E159-C0CB-062F-C207D8623CD2}.Debug|Any CPU.Build.0 = Debug|Any CPU
		{833EC51F-E159-C0CB-062F-C207D8623CD2}.Release|Any CPU.ActiveCfg = Release|Any CPU
		{833EC51F-E159-C0CB-062F-C207D8623CD2}.Release|Any CPU.Build.0 = Release|Any CPU
		{52BDA972-F813-F558-C42B-1A5CED6033B0}.Debug|Any CPU.ActiveCfg = Debug|Any CPU
		{52BDA972-F813-F558-C42B-1A5CED6033B0}.Debug|Any CPU.Build.0 = Debug|Any CPU
		{52BDA972-F813-F558-C42B-1A5CED6033B0}.Release|Any CPU.ActiveCfg = Release|Any CPU
		{52BDA972-F813-F558-C42B-1A5CED6033B0}.Release|Any CPU.Build.0 = Release|Any CPU
		{C6F0295C-4EAD-C4FA-DECF-C5DB896A0C38}.Debug|Any CPU.ActiveCfg = Debug|Any CPU
		{C6F0295C-4EAD-C4FA-DECF-C5DB896A0C38}.Debug|Any CPU.Build.0 = Debug|Any CPU
		{C6F0295C-4EAD-C4FA-DECF-C5DB896A0C38}.Release|Any CPU.ActiveCfg = Release|Any CPU
		{C6F0295C-4EAD-C4FA-DECF-C5DB896A0C38}.Release|Any CPU.Build.0 = Release|Any CPU
		{42A3A141-E33B-BDD7-61FC-338968D792B1}.Debug|Any CPU.ActiveCfg = Debug|Any CPU
		{42A3A141-E33B-BDD7-61FC-338968D792B1}.Debug|Any CPU.Build.0 = Debug|Any CPU
		{42A3A141-E33B-BDD7-61FC-338968D792B1}.Release|Any CPU.ActiveCfg = Release|Any CPU
		{42A3A141-E33B-BDD7-61FC-338968D792B1}.Release|Any CPU.Build.0 = Release|Any CPU
		{58E29636-29B6-D51D-A34C-08F39B912471}.Debug|Any CPU.ActiveCfg = Debug|Any CPU
		{58E29636-29B6-D51D-A34C-08F39B912471}.Debug|Any CPU.Build.0 = Debug|Any CPU
		{58E29636-29B6-D51D-A34C-08F39B912471}.Release|Any CPU.ActiveCfg = Release|Any CPU
		{58E29636-29B6-D51D-A34C-08F39B912471}.Release|Any CPU.Build.0 = Release|Any CPU
		{D6E76254-F8CE-D9E8-0AFC-1ECE6CA4AD54}.Debug|Any CPU.ActiveCfg = Debug|Any CPU
		{D6E76254-F8CE-D9E8-0AFC-1ECE6CA4AD54}.Debug|Any CPU.Build.0 = Debug|Any CPU
		{D6E76254-F8CE-D9E8-0AFC-1ECE6CA4AD54}.Release|Any CPU.ActiveCfg = Release|Any CPU
		{D6E76254-F8CE-D9E8-0AFC-1ECE6CA4AD54}.Release|Any CPU.Build.0 = Release|Any CPU
		{46707AB6-270B-D3D5-21A5-9C4D1C256939}.Debug|Any CPU.ActiveCfg = Debug|Any CPU
		{46707AB6-270B-D3D5-21A5-9C4D1C256939}.Debug|Any CPU.Build.0 = Debug|Any CPU
		{46707AB6-270B-D3D5-21A5-9C4D1C256939}.Release|Any CPU.ActiveCfg = Release|Any CPU
		{46707AB6-270B-D3D5-21A5-9C4D1C256939}.Release|Any CPU.Build.0 = Release|Any CPU
		{475BE5B6-EE88-DEA9-31DF-1536AFE0A743}.Debug|Any CPU.ActiveCfg = Debug|Any CPU
		{475BE5B6-EE88-DEA9-31DF-1536AFE0A743}.Debug|Any CPU.Build.0 = Debug|Any CPU
		{475BE5B6-EE88-DEA9-31DF-1536AFE0A743}.Release|Any CPU.ActiveCfg = Release|Any CPU
		{475BE5B6-EE88-DEA9-31DF-1536AFE0A743}.Release|Any CPU.Build.0 = Release|Any CPU
		{3F60B09C-8971-3D09-D41F-FE8C21EFF52D}.Debug|Any CPU.ActiveCfg = Debug|Any CPU
		{3F60B09C-8971-3D09-D41F-FE8C21EFF52D}.Debug|Any CPU.Build.0 = Debug|Any CPU
		{3F60B09C-8971-3D09-D41F-FE8C21EFF52D}.Release|Any CPU.ActiveCfg = Release|Any CPU
		{3F60B09C-8971-3D09-D41F-FE8C21EFF52D}.Release|Any CPU.Build.0 = Release|Any CPU
		{412DBBE2-6702-6C4C-BC57-2B27DBBDC6FE}.Debug|Any CPU.ActiveCfg = Debug|Any CPU
		{412DBBE2-6702-6C4C-BC57-2B27DBBDC6FE}.Debug|Any CPU.Build.0 = Debug|Any CPU
		{412DBBE2-6702-6C4C-BC57-2B27DBBDC6FE}.Release|Any CPU.ActiveCfg = Release|Any CPU
		{412DBBE2-6702-6C4C-BC57-2B27DBBDC6FE}.Release|Any CPU.Build.0 = Release|Any CPU
		{78728AED-DAC0-D5F9-2DF5-E3065E046F2D}.Debug|Any CPU.ActiveCfg = Debug|Any CPU
		{78728AED-DAC0-D5F9-2DF5-E3065E046F2D}.Debug|Any CPU.Build.0 = Debug|Any CPU
		{78728AED-DAC0-D5F9-2DF5-E3065E046F2D}.Release|Any CPU.ActiveCfg = Release|Any CPU
		{78728AED-DAC0-D5F9-2DF5-E3065E046F2D}.Release|Any CPU.Build.0 = Release|Any CPU
		{8AD23F97-D436-46EF-DBB8-E22ED16A19C2}.Debug|Any CPU.ActiveCfg = Debug|Any CPU
		{8AD23F97-D436-46EF-DBB8-E22ED16A19C2}.Debug|Any CPU.Build.0 = Debug|Any CPU
		{8AD23F97-D436-46EF-DBB8-E22ED16A19C2}.Release|Any CPU.ActiveCfg = Release|Any CPU
		{8AD23F97-D436-46EF-DBB8-E22ED16A19C2}.Release|Any CPU.Build.0 = Release|Any CPU
		{951F9AF3-5A24-0C4A-6435-EAA4EB6BC0CA}.Debug|Any CPU.ActiveCfg = Debug|Any CPU
		{951F9AF3-5A24-0C4A-6435-EAA4EB6BC0CA}.Debug|Any CPU.Build.0 = Debug|Any CPU
		{951F9AF3-5A24-0C4A-6435-EAA4EB6BC0CA}.Release|Any CPU.ActiveCfg = Release|Any CPU
		{951F9AF3-5A24-0C4A-6435-EAA4EB6BC0CA}.Release|Any CPU.Build.0 = Release|Any CPU
		{8E0B0DFF-0504-CEC4-00E7-842D4B84EB3E}.Debug|Any CPU.ActiveCfg = Debug|Any CPU
		{8E0B0DFF-0504-CEC4-00E7-842D4B84EB3E}.Debug|Any CPU.Build.0 = Debug|Any CPU
		{8E0B0DFF-0504-CEC4-00E7-842D4B84EB3E}.Release|Any CPU.ActiveCfg = Release|Any CPU
		{8E0B0DFF-0504-CEC4-00E7-842D4B84EB3E}.Release|Any CPU.Build.0 = Release|Any CPU
		{47235807-9CD7-F29E-02C1-4770626907CC}.Debug|Any CPU.ActiveCfg = Debug|Any CPU
		{47235807-9CD7-F29E-02C1-4770626907CC}.Debug|Any CPU.Build.0 = Debug|Any CPU
		{47235807-9CD7-F29E-02C1-4770626907CC}.Release|Any CPU.ActiveCfg = Release|Any CPU
		{47235807-9CD7-F29E-02C1-4770626907CC}.Release|Any CPU.Build.0 = Release|Any CPU
		{8527641E-C935-CE85-AA02-D5ED4EA74987}.Debug|Any CPU.ActiveCfg = Debug|Any CPU
		{8527641E-C935-CE85-AA02-D5ED4EA74987}.Debug|Any CPU.Build.0 = Debug|Any CPU
		{8527641E-C935-CE85-AA02-D5ED4EA74987}.Release|Any CPU.ActiveCfg = Release|Any CPU
		{8527641E-C935-CE85-AA02-D5ED4EA74987}.Release|Any CPU.Build.0 = Release|Any CPU
		{FF080FA7-09BA-7A12-5D9E-5B8C09FA6523}.Debug|Any CPU.ActiveCfg = Debug|Any CPU
		{FF080FA7-09BA-7A12-5D9E-5B8C09FA6523}.Debug|Any CPU.Build.0 = Debug|Any CPU
		{FF080FA7-09BA-7A12-5D9E-5B8C09FA6523}.Release|Any CPU.ActiveCfg = Release|Any CPU
		{FF080FA7-09BA-7A12-5D9E-5B8C09FA6523}.Release|Any CPU.Build.0 = Release|Any CPU
		{46E3B531-33C1-FCAD-D80B-06FAED2491B9}.Debug|Any CPU.ActiveCfg = Debug|Any CPU
		{46E3B531-33C1-FCAD-D80B-06FAED2491B9}.Debug|Any CPU.Build.0 = Debug|Any CPU
		{46E3B531-33C1-FCAD-D80B-06FAED2491B9}.Release|Any CPU.ActiveCfg = Release|Any CPU
		{46E3B531-33C1-FCAD-D80B-06FAED2491B9}.Release|Any CPU.Build.0 = Release|Any CPU
		{A736124D-F265-5F3F-10B5-2540E348FE22}.Debug|Any CPU.ActiveCfg = Debug|Any CPU
		{A736124D-F265-5F3F-10B5-2540E348FE22}.Debug|Any CPU.Build.0 = Debug|Any CPU
		{A736124D-F265-5F3F-10B5-2540E348FE22}.Release|Any CPU.ActiveCfg = Release|Any CPU
		{A736124D-F265-5F3F-10B5-2540E348FE22}.Release|Any CPU.Build.0 = Release|Any CPU
		{36401E79-3076-FD1B-8A1A-270DCA895552}.Debug|Any CPU.ActiveCfg = Debug|Any CPU
		{36401E79-3076-FD1B-8A1A-270DCA895552}.Debug|Any CPU.Build.0 = Debug|Any CPU
		{36401E79-3076-FD1B-8A1A-270DCA895552}.Release|Any CPU.ActiveCfg = Release|Any CPU
		{36401E79-3076-FD1B-8A1A-270DCA895552}.Release|Any CPU.Build.0 = Release|Any CPU
		{96B12AD0-FCFB-6E8F-1D6E-E449B54EC01E}.Debug|Any CPU.ActiveCfg = Debug|Any CPU
		{96B12AD0-FCFB-6E8F-1D6E-E449B54EC01E}.Debug|Any CPU.Build.0 = Debug|Any CPU
		{96B12AD0-FCFB-6E8F-1D6E-E449B54EC01E}.Release|Any CPU.ActiveCfg = Release|Any CPU
		{96B12AD0-FCFB-6E8F-1D6E-E449B54EC01E}.Release|Any CPU.Build.0 = Release|Any CPU
		{6037EF6C-7990-791D-BCF1-03B9E85115B1}.Debug|Any CPU.ActiveCfg = Debug|Any CPU
		{6037EF6C-7990-791D-BCF1-03B9E85115B1}.Debug|Any CPU.Build.0 = Debug|Any CPU
		{6037EF6C-7990-791D-BCF1-03B9E85115B1}.Release|Any CPU.ActiveCfg = Release|Any CPU
		{6037EF6C-7990-791D-BCF1-03B9E85115B1}.Release|Any CPU.Build.0 = Release|Any CPU
		{D32A7BA3-4A76-AADC-44CE-D6C8923FF3A1}.Debug|Any CPU.ActiveCfg = Debug|Any CPU
		{D32A7BA3-4A76-AADC-44CE-D6C8923FF3A1}.Debug|Any CPU.Build.0 = Debug|Any CPU
		{D32A7BA3-4A76-AADC-44CE-D6C8923FF3A1}.Release|Any CPU.ActiveCfg = Release|Any CPU
		{D32A7BA3-4A76-AADC-44CE-D6C8923FF3A1}.Release|Any CPU.Build.0 = Release|Any CPU
		{76322DA6-9B40-B28E-A53F-F706BE47173E}.Debug|Any CPU.ActiveCfg = Debug|Any CPU
		{76322DA6-9B40-B28E-A53F-F706BE47173E}.Debug|Any CPU.Build.0 = Debug|Any CPU
		{76322DA6-9B40-B28E-A53F-F706BE47173E}.Release|Any CPU.ActiveCfg = Release|Any CPU
		{76322DA6-9B40-B28E-A53F-F706BE47173E}.Release|Any CPU.Build.0 = Release|Any CPU
	EndGlobalSection
	GlobalSection(SolutionProperties) = preSolution
		HideSolutionNode = FALSE
	EndGlobalSection
EndGlobal
